
Microsoft Visual Studio Solution File, Format Version 12.00
# Visual Studio Version 17
VisualStudioVersion = 17.8.34330.188
MinimumVisualStudioVersion = 10.0.40219.1
Project("{FAE04EC0-301F-11D3-BF4B-00C04F79EFBC}") = "superhero", "superhero\superhero.csproj", "{21FE3970-6D14-4CF0-B45F-068BE8907C5C}"
EndProject
Global
	GlobalSection(SolutionConfigurationPlatforms) = preSolution
		Debug|Any CPU = Debug|Any CPU
		Release|Any CPU = Release|Any CPU
	EndGlobalSection
	GlobalSection(ProjectConfigurationPlatforms) = postSolution
		{21FE3970-6D14-4CF0-B45F-068BE8907C5C}.Debug|Any CPU.ActiveCfg = Debug|Any CPU
		{21FE3970-6D14-4CF0-B45F-068BE8907C5C}.Debug|Any CPU.Build.0 = Debug|Any CPU
		{21FE3970-6D14-4CF0-B45F-068BE8907C5C}.Release|Any CPU.ActiveCfg = Release|Any CPU
		{21FE3970-6D14-4CF0-B45F-068BE8907C5C}.Release|Any CPU.Build.0 = Release|Any CPU
	EndGlobalSection
	GlobalSection(SolutionProperties) = preSolution
		HideSolutionNode = FALSE
	EndGlobalSection
	GlobalSection(ExtensibilityGlobals) = postSolution
		SolutionGuid = {74608F90-6E72-4B45-BAD4-452CD1147108}
	EndGlobalSection
EndGlobal
