
Microsoft Visual Studio Solution File, Format Version 12.00
# Visual Studio Version 17
VisualStudioVersion = 17.8.34330.188
MinimumVisualStudioVersion = 10.0.40219.1
Project("{FAE04EC0-301F-11D3-BF4B-00C04F79EFBC}") = "JWT_Example", "JWT_Example\JWT_Example.csproj", "{F5C1BBAD-E337-45C8-BC7E-1E7D5343A205}"
EndProject
Global
	GlobalSection(SolutionConfigurationPlatforms) = preSolution
		Debug|Any CPU = Debug|Any CPU
		Release|Any CPU = Release|Any CPU
	EndGlobalSection
	GlobalSection(ProjectConfigurationPlatforms) = postSolution
		{F5C1BBAD-E337-45C8-BC7E-1E7D5343A205}.Debug|Any CPU.ActiveCfg = Debug|Any CPU
		{F5C1BBAD-E337-45C8-BC7E-1E7D5343A205}.Debug|Any CPU.Build.0 = Debug|Any CPU
		{F5C1BBAD-E337-45C8-BC7E-1E7D5343A205}.Release|Any CPU.ActiveCfg = Release|Any CPU
		{F5C1BBAD-E337-45C8-BC7E-1E7D5343A205}.Release|Any CPU.Build.0 = Release|Any CPU
	EndGlobalSection
	GlobalSection(SolutionProperties) = preSolution
		HideSolutionNode = FALSE
	EndGlobalSection
	GlobalSection(ExtensibilityGlobals) = postSolution
		SolutionGuid = {A270DBB0-20EF-4433-8EB1-79202474651E}
	EndGlobalSection
EndGlobal
